{
  "name": "create-raft-app",
  "version": "0.1.0",
  "lockfileVersion": 3,
  "requires": true,
  "packages": {
    "": {
      "name": "create-raft-app",
      "version": "0.1.0",
      "license": "MIT",
      "bin": {
        "create-raft-app": "bin/create-raft-app.mjs"
      },
      "engines": {
        "node": ">=20"
      }
    }
  }
}
